Microsoft Visual Studio Solution File, Format Version 11.00
# Visual Studio 2008

Project("{7BD5A016-5D27-6195-6819-416BCEDA35AA}") = "act_puzzle", "Assembly-CSharp-firstpass.csproj", "{6627A8CD-1FBA-412F-FC0E-B2E456C99599}"
EndProject
Project("{7BD5A016-5D27-6195-6819-416BCEDA35AA}") = "act_puzzle", "Assembly-CSharp.csproj", "{190CD9C6-0E8E-396C-D2F6-34B1A86D4E0A}"
EndProject
Project("{7BD5A016-5D27-6195-6819-416BCEDA35AA}") = "act_puzzle", "Assembly-CSharp-Editor.csproj", "{B7FF4D94-1956-424E-C597-FC352C737E80}"
EndProject
Global
	GlobalSection(SolutionConfigurationPlatforms) = preSolution
		Debug|Any CPU = Debug|Any CPU
		Release|Any CPU = Release|Any CPU
	EndGlobalSection
	GlobalSection(ProjectConfigurationPlatforms) = postSolution
		{6627A8CD-1FBA-412F-FC0E-B2E456C99599}.Debug|Any CPU.ActiveCfg = Debug|Any CPU
		{6627A8CD-1FBA-412F-FC0E-B2E456C99599}.Debug|Any CPU.Build.0 = Debug|Any CPU
		{6627A8CD-1FBA-412F-FC0E-B2E456C99599}.Release|Any CPU.ActiveCfg = Release|Any CPU
		{6627A8CD-1FBA-412F-FC0E-B2E456C99599}.Release|Any CPU.Build.0 = Release|Any CPU
		{190CD9C6-0E8E-396C-D2F6-34B1A86D4E0A}.Debug|Any CPU.ActiveCfg = Debug|Any CPU
		{190CD9C6-0E8E-396C-D2F6-34B1A86D4E0A}.Debug|Any CPU.Build.0 = Debug|Any CPU
		{190CD9C6-0E8E-396C-D2F6-34B1A86D4E0A}.Release|Any CPU.ActiveCfg = Release|Any CPU
		{190CD9C6-0E8E-396C-D2F6-34B1A86D4E0A}.Release|Any CPU.Build.0 = Release|Any CPU
		{B7FF4D94-1956-424E-C597-FC352C737E80}.Debug|Any CPU.ActiveCfg = Debug|Any CPU
		{B7FF4D94-1956-424E-C597-FC352C737E80}.Debug|Any CPU.Build.0 = Debug|Any CPU
		{B7FF4D94-1956-424E-C597-FC352C737E80}.Release|Any CPU.ActiveCfg = Release|Any CPU
		{B7FF4D94-1956-424E-C597-FC352C737E80}.Release|Any CPU.Build.0 = Release|Any CPU
	EndGlobalSection
	GlobalSection(SolutionProperties) = preSolution
		HideSolutionNode = FALSE
	EndGlobalSection
																																																																																		GlobalSection(MonoDevelopProperties) = preSolution
		StartupItem = Assembly-CSharp.csproj
		Policies = $0
		$0.TextStylePolicy = $1
		$1.inheritsSet = null
		$1.scope = text/x-csharp
		$0.CSharpFormattingPolicy = $2
		$2.inheritsSet = Mono
		$2.inheritsScope = text/x-csharp
		$2.scope = text/x-csharp
		$0.TextStylePolicy = $3
		$3.FileWidth = 120
		$3.TabWidth = 4
		$3.IndentWidth = 4
		$3.EolMarker = Unix
		$3.inheritsSet = Mono
		$3.inheritsScope = text/plain
		$3.scope = text/plain
	EndGlobalSection
EndGlobal
