Microsoft Visual Studio Solution File, Format Version 11.00
# Visual Studio 2008

Project("{FC16462B-9E83-30D7-51C9-E79710C591FB}") = "GMLOGMD18", "Assembly-CSharp.csproj", "{A1D070B6-E694-F53A-EFBF-CB4C18644630}"
EndProject
Project("{FC16462B-9E83-30D7-51C9-E79710C591FB}") = "GMLOGMD18", "Assembly-CSharp-Editor.csproj", "{0BE0FCB8-A8E6-A54C-AAD3-A1A6C1FCEA29}"
EndProject
Global
	GlobalSection(SolutionConfigurationPlatforms) = preSolution
		Debug|Any CPU = Debug|Any CPU
		Release|Any CPU = Release|Any CPU
	EndGlobalSection
	GlobalSection(ProjectConfigurationPlatforms) = postSolution
		{A1D070B6-E694-F53A-EFBF-CB4C18644630}.Debug|Any CPU.ActiveCfg = Debug|Any CPU
		{A1D070B6-E694-F53A-EFBF-CB4C18644630}.Debug|Any CPU.Build.0 = Debug|Any CPU
		{A1D070B6-E694-F53A-EFBF-CB4C18644630}.Release|Any CPU.ActiveCfg = Release|Any CPU
		{A1D070B6-E694-F53A-EFBF-CB4C18644630}.Release|Any CPU.Build.0 = Release|Any CPU
		{0BE0FCB8-A8E6-A54C-AAD3-A1A6C1FCEA29}.Debug|Any CPU.ActiveCfg = Debug|Any CPU
		{0BE0FCB8-A8E6-A54C-AAD3-A1A6C1FCEA29}.Debug|Any CPU.Build.0 = Debug|Any CPU
		{0BE0FCB8-A8E6-A54C-AAD3-A1A6C1FCEA29}.Release|Any CPU.ActiveCfg = Release|Any CPU
		{0BE0FCB8-A8E6-A54C-AAD3-A1A6C1FCEA29}.Release|Any CPU.Build.0 = Release|Any CPU
	EndGlobalSection
	GlobalSection(SolutionProperties) = preSolution
		HideSolutionNode = FALSE
	EndGlobalSection
						GlobalSection(MonoDevelopProperties) = preSolution
		StartupItem = Assembly-CSharp.csproj
		Policies = $0
		$0.TextStylePolicy = $1
		$1.inheritsSet = null
		$1.scope = text/x-csharp
		$0.CSharpFormattingPolicy = $2
		$2.inheritsSet = Mono
		$2.inheritsScope = text/x-csharp
		$2.scope = text/x-csharp
		$0.TextStylePolicy = $3
		$3.FileWidth = 120
		$3.TabWidth = 4
		$3.IndentWidth = 4
		$3.EolMarker = Unix
		$3.inheritsSet = Mono
		$3.inheritsScope = text/plain
		$3.scope = text/plain
	EndGlobalSection

EndGlobal
